
Microsoft Visual Studio Solution File, Format Version 12.00
# Visual Studio 2012
Project("{9092AA53-FB77-4645-B42D-1CCCA6BD08BD}") = "DBFFile", "DBFFile.njsproj", "{3D9F66FE-555B-4430-8A07-DE9823320200}"
EndProject
Global
	GlobalSection(SolutionConfigurationPlatforms) = preSolution
		Debug|Any CPU = Debug|Any CPU
		Release|Any CPU = Release|Any CPU
	EndGlobalSection
	GlobalSection(ProjectConfigurationPlatforms) = postSolution
		{3D9F66FE-555B-4430-8A07-DE9823320200}.Debug|Any CPU.ActiveCfg = Debug|Any CPU
		{3D9F66FE-555B-4430-8A07-DE9823320200}.Debug|Any CPU.Build.0 = Debug|Any CPU
		{3D9F66FE-555B-4430-8A07-DE9823320200}.Release|Any CPU.ActiveCfg = Release|Any CPU
		{3D9F66FE-555B-4430-8A07-DE9823320200}.Release|Any CPU.Build.0 = Release|Any CPU
	EndGlobalSection
	GlobalSection(SolutionProperties) = preSolution
		HideSolutionNode = FALSE
	EndGlobalSection
EndGlobal
